
Microsoft Visual Studio Solution File, Format Version 12.00
# Visual Studio Version 17
VisualStudioVersion = 17.10.34928.147
MinimumVisualStudioVersion = 10.0.40219.1
Project("{FAE04EC0-301F-11D3-BF4B-00C04F79EFBC}") = "Perceptron- R", "Perceptron- R\Perceptron- R.csproj", "{56FE1298-6FBB-46F3-A1C5-486DD2F57DC1}"
EndProject
Global
	GlobalSection(SolutionConfigurationPlatforms) = preSolution
		Debug|Any CPU = Debug|Any CPU
		Release|Any CPU = Release|Any CPU
	EndGlobalSection
	GlobalSection(ProjectConfigurationPlatforms) = postSolution
		{56FE1298-6FBB-46F3-A1C5-486DD2F57DC1}.Debug|Any CPU.ActiveCfg = Debug|Any CPU
		{56FE1298-6FBB-46F3-A1C5-486DD2F57DC1}.Debug|Any CPU.Build.0 = Debug|Any CPU
		{56FE1298-6FBB-46F3-A1C5-486DD2F57DC1}.Release|Any CPU.ActiveCfg = Release|Any CPU
		{56FE1298-6FBB-46F3-A1C5-486DD2F57DC1}.Release|Any CPU.Build.0 = Release|Any CPU
	EndGlobalSection
	GlobalSection(SolutionProperties) = preSolution
		HideSolutionNode = FALSE
	EndGlobalSection
	GlobalSection(ExtensibilityGlobals) = postSolution
		SolutionGuid = {5F78E500-10DB-4F6A-90B1-0A53F50BCF52}
	EndGlobalSection
EndGlobal
